
Microsoft Visual Studio Solution File, Format Version 12.00
# Visual Studio Version 17
VisualStudioVersion = 17.5.33530.505
MinimumVisualStudioVersion = 10.0.40219.1
Project("{FAE04EC0-301F-11D3-BF4B-00C04F79EFBC}") = "ResponsiveChatBox", "ResponsiveChatBox\ResponsiveChatBox.csproj", "{1C3B5098-8394-41C0-8AEE-7BAA72017FCC}"
EndProject
Global
	GlobalSection(SolutionConfigurationPlatforms) = preSolution
		Debug|Any CPU = Debug|Any CPU
		Release|Any CPU = Release|Any CPU
	EndGlobalSection
	GlobalSection(ProjectConfigurationPlatforms) = postSolution
		{1C3B5098-8394-41C0-8AEE-7BAA72017FCC}.Debug|Any CPU.ActiveCfg = Debug|Any CPU
		{1C3B5098-8394-41C0-8AEE-7BAA72017FCC}.Debug|Any CPU.Build.0 = Debug|Any CPU
		{1C3B5098-8394-41C0-8AEE-7BAA72017FCC}.Release|Any CPU.ActiveCfg = Release|Any CPU
		{1C3B5098-8394-41C0-8AEE-7BAA72017FCC}.Release|Any CPU.Build.0 = Release|Any CPU
	EndGlobalSection
	GlobalSection(SolutionProperties) = preSolution
		HideSolutionNode = FALSE
	EndGlobalSection
	GlobalSection(ExtensibilityGlobals) = postSolution
		SolutionGuid = {4203682F-BFCA-46D0-B7A2-E21712276686}
	EndGlobalSection
EndGlobal
